[{<<"cowboy">>,
  {git,"https://github.com/ninenines/cowboy.git",
       {ref,"b9d329c026c8809a6b7ab3cd312598d66081e3f9"}},
  0},
 {<<"cowlib">>,
  {git,"https://github.com/ninenines/cowlib",
       {ref,"8588724cf91ddbb53b9c35ed665866556b217323"}},
  1},
 {<<"jiffy">>,
  {git,"https://github.com/davisp/jiffy.git",
       {ref,"5c29452a1e0055640015913ba0c932569f2ad7a1"}},
  0},
 {<<"ranch">>,
  {git,"https://github.com/ninenines/ranch",
       {ref,"3190aef88aea04d6dce8545fe9b4574288903f44"}},
  1}].
